// !$*UTF8*$!
{
	archiveVersion = 1;
	classes = {
	};
	objectVersion = 46;
	objects = {

/* Begin PBXBuildFile section */
		C7FD728D1BA7B1C000BC82FD /* main.m in Sources */ = {isa = PBXBuildFile; fileRef = C7FD728C1BA7B1C000BC82FD /* main.m */; };
		C7FD72901BA7B1C000BC82FD /* AppDelegate.m in Sources */ = {isa = PBXBuildFile; fileRef = C7FD728F1BA7B1C000BC82FD /* AppDelegate.m */; };
		C7FD72931BA7B1C000BC82FD /* KGKuGouPlayer.xcdatamodeld in Sources */ = {isa = PBXBuildFile; fileRef = C7FD72911BA7B1C000BC82FD /* KGKuGouPlayer.xcdatamodeld */; };
		C7FD72991BA7B1C000BC82FD /* Main.storyboard in Resources */ = {isa = PBXBuildFile; fileRef = C7FD72971BA7B1C000BC82FD /* Main.storyboard */; };
		C7FD729B1BA7B1C000BC82FD /* Images.xcassets in Resources */ = {isa = PBXBuildFile; fileRef = C7FD729A1BA7B1C000BC82FD /* Images.xcassets */; };
		C7FD729E1BA7B1C000BC82FD /* LaunchScreen.xib in Resources */ = {isa = PBXBuildFile; fileRef = C7FD729C1BA7B1C000BC82FD /* LaunchScreen.xib */; };
		C7FD72AA1BA7B1C000BC82FD /* KGKuGouPlayerTests.m in Sources */ = {isa = PBXBuildFile; fileRef = C7FD72A91BA7B1C000BC82FD /* KGKuGouPlayerTests.m */; };
		C7FD72B81BA7C52700BC82FD /* LocolMusicList.plist in Resources */ = {isa = PBXBuildFile; fileRef = C7FD72B71BA7C52700BC82FD /* LocolMusicList.plist */; };
		C7FD72CD1BA7C53F00BC82FD /* TFBOYS - Heart.mp3 in Resources */ = {isa = PBXBuildFile; fileRef = C7FD72BA1BA7C53F00BC82FD /* TFBOYS - Heart.mp3 */; };
		C7FD72CE1BA7C53F00BC82FD /* TFBOYS - 信仰之名.mp3 in Resources */ = {isa = PBXBuildFile; fileRef = C7FD72BB1BA7C53F00BC82FD /* TFBOYS - 信仰之名.mp3 */; };
		C7FD72CF1BA7C53F00BC82FD /* TFBOYS - 幸运符号.mp3 in Resources */ = {isa = PBXBuildFile; fileRef = C7FD72BC1BA7C53F00BC82FD /* TFBOYS - 幸运符号.mp3 */; };
		C7FD72D01BA7C53F00BC82FD /* TFBOYS - 爱出发.mp3 in Resources */ = {isa = PBXBuildFile; fileRef = C7FD72BD1BA7C53F00BC82FD /* TFBOYS - 爱出发.mp3 */; };
		C7FD72D11BA7C53F00BC82FD /* TFBOYS - 青春修炼手册.mp3 in Resources */ = {isa = PBXBuildFile; fileRef = C7FD72BE1BA7C53F00BC82FD /* TFBOYS - 青春修炼手册.mp3 */; };
		C7FD72D21BA7C53F00BC82FD /* TFBOYS - 魔法城堡.mp3 in Resources */ = {isa = PBXBuildFile; fileRef = C7FD72BF1BA7C53F00BC82FD /* TFBOYS - 魔法城堡.mp3 */; };
		C7FD72D31BA7C53F00BC82FD /* 张杰 - 剑心.mp3 in Resources */ = {isa = PBXBuildFile; fileRef = C7FD72C01BA7C53F00BC82FD /* 张杰 - 剑心.mp3 */; };
		C7FD72D41BA7C53F00BC82FD /* 张靓颖 - 我们说好的.mp3 in Resources */ = {isa = PBXBuildFile; fileRef = C7FD72C11BA7C53F00BC82FD /* 张靓颖 - 我们说好的.mp3 */; };
		C7FD72D51BA7C53F00BC82FD /* 朴树 - 平凡之路.mp3 in Resources */ = {isa = PBXBuildFile; fileRef = C7FD72C21BA7C53F00BC82FD /* 朴树 - 平凡之路.mp3 */; };
		C7FD72D61BA7C53F00BC82FD /* 李宇春 - 1987我不知会遇见你.mp3 in Resources */ = {isa = PBXBuildFile; fileRef = C7FD72C31BA7C53F00BC82FD /* 李宇春 - 1987我不知会遇见你.mp3 */; };
		C7FD72D71BA7C53F00BC82FD /* 李易峰 - 剑伤.mp3 in Resources */ = {isa = PBXBuildFile; fileRef = C7FD72C41BA7C53F00BC82FD /* 李易峰 - 剑伤.mp3 */; };
		C7FD72D81BA7C53F00BC82FD /* 王菲 - 匆匆那年.mp3 in Resources */ = {isa = PBXBuildFile; fileRef = C7FD72C51BA7C53F00BC82FD /* 王菲 - 匆匆那年.mp3 */; };
		C7FD72D91BA7C53F00BC82FD /* 王蓉 - 小鸡小鸡.mp3 in Resources */ = {isa = PBXBuildFile; fileRef = C7FD72C61BA7C53F00BC82FD /* 王蓉 - 小鸡小鸡.mp3 */; };
		C7FD72DA1BA7C53F00BC82FD /* 筷子兄弟 - 小苹果.mp3 in Resources */ = {isa = PBXBuildFile; fileRef = C7FD72C71BA7C53F00BC82FD /* 筷子兄弟 - 小苹果.mp3 */; };
		C7FD72DB1BA7C53F00BC82FD /* 筷子兄弟 - 父亲.mp3 in Resources */ = {isa = PBXBuildFile; fileRef = C7FD72C81BA7C53F00BC82FD /* 筷子兄弟 - 父亲.mp3 */; };
		C7FD72DC1BA7C53F00BC82FD /* 迪克牛仔 - 爱有奇迹.mp3 in Resources */ = {isa = PBXBuildFile; fileRef = C7FD72C91BA7C53F00BC82FD /* 迪克牛仔 - 爱有奇迹.mp3 */; };
		C7FD72DD1BA7C53F00BC82FD /* 邓紫棋 - 泡沫.mp3 in Resources */ = {isa = PBXBuildFile; fileRef = C7FD72CA1BA7C53F00BC82FD /* 邓紫棋 - 泡沫.mp3 */; };
		C7FD72DE1BA7C53F00BC82FD /* 陈学冬 - 不再见.mp3 in Resources */ = {isa = PBXBuildFile; fileRef = C7FD72CB1BA7C53F00BC82FD /* 陈学冬 - 不再见.mp3 */; };
		C7FD72DF1BA7C53F00BC82FD /* 齐晨 - 咱们结婚吧.mp3 in Resources */ = {isa = PBXBuildFile; fileRef = C7FD72CC1BA7C53F00BC82FD /* 齐晨 - 咱们结婚吧.mp3 */; };
		C7FD72E31BA7C73000BC82FD /* KGWelcomePageViewController.m in Sources */ = {isa = PBXBuildFile; fileRef = C7FD72E21BA7C73000BC82FD /* KGWelcomePageViewController.m */; };
		C7FD72E71BA8010D00BC82FD /* KGHomePageViewController.m in Sources */ = {isa = PBXBuildFile; fileRef = C7FD72E61BA8010D00BC82FD /* KGHomePageViewController.m */; };
/* End PBXBuildFile section */

/* Begin PBXContainerItemProxy section */
		C7FD72A41BA7B1C000BC82FD /* PBXContainerItemProxy */ = {
			isa = PBXContainerItemProxy;
			containerPortal = C7FD727F1BA7B1C000BC82FD /* Project object */;
			proxyType = 1;
			remoteGlobalIDString = C7FD72861BA7B1C000BC82FD;
			remoteInfo = KGKuGouPlayer;
		};
/* End PBXContainerItemProxy section */

/* Begin PBXFileReference section */
		C7FD72871BA7B1C000BC82FD /* KGKuGouPlayer.app */ = {isa = PBXFileReference; explicitFileType = wrapper.application; includeInIndex = 0; path = KGKuGouPlayer.app; sourceTree = BUILT_PRODUCTS_DIR; };
		C7FD728B1BA7B1C000BC82FD /* Info.plist */ = {isa = PBXFileReference; lastKnownFileType = text.plist.xml; path = Info.plist; sourceTree = "<group>"; };
		C7FD728C1BA7B1C000BC82FD /* main.m */ = {isa = PBXFileReference; lastKnownFileType = sourcecode.c.objc; path = main.m; sourceTree = "<group>"; };
		C7FD728E1BA7B1C000BC82FD /* AppDelegate.h */ = {isa = PBXFileReference; lastKnownFileType = sourcecode.c.h; path = AppDelegate.h; sourceTree = "<group>"; };
		C7FD728F1BA7B1C000BC82FD /* AppDelegate.m */ = {isa = PBXFileReference; lastKnownFileType = sourcecode.c.objc; path = AppDelegate.m; sourceTree = "<group>"; };
		C7FD72921BA7B1C000BC82FD /* KGKuGouPlayer.xcdatamodel */ = {isa = PBXFileReference; lastKnownFileType = wrapper.xcdatamodel; path = KGKuGouPlayer.xcdatamodel; sourceTree = "<group>"; };
		C7FD72981BA7B1C000BC82FD /* Base */ = {isa = PBXFileReference; lastKnownFileType = file.storyboard; name = Base; path = Base.lproj/Main.storyboard; sourceTree = "<group>"; };
		C7FD729A1BA7B1C000BC82FD /* Images.xcassets */ = {isa = PBXFileReference; lastKnownFileType = folder.assetcatalog; path = Images.xcassets; sourceTree = "<group>"; };
		C7FD729D1BA7B1C000BC82FD /* Base */ = {isa = PBXFileReference; lastKnownFileType = file.xib; name = Base; path = Base.lproj/LaunchScreen.xib; sourceTree = "<group>"; };
		C7FD72A31BA7B1C000BC82FD /* KGKuGouPlayerTests.xctest */ = {isa = PBXFileReference; explicitFileType = wrapper.cfbundle; includeInIndex = 0; path = KGKuGouPlayerTests.xctest; sourceTree = BUILT_PRODUCTS_DIR; };
		C7FD72A81BA7B1C000BC82FD /* Info.plist */ = {isa = PBXFileReference; lastKnownFileType = text.plist.xml; path = Info.plist; sourceTree = "<group>"; };
		C7FD72A91BA7B1C000BC82FD /* KGKuGouPlayerTests.m */ = {isa = PBXFileReference; lastKnownFileType = sourcecode.c.objc; path = KGKuGouPlayerTests.m; sourceTree = "<group>"; };
		C7FD72B71BA7C52700BC82FD /* LocolMusicList.plist */ = {isa = PBXFileReference; fileEncoding = 4; lastKnownFileType = text.plist.xml; name = LocolMusicList.plist; path = "../../酷狗音乐 /resource/LocolMusicList.plist"; sourceTree = "<group>"; };
		C7FD72BA1BA7C53F00BC82FD /* TFBOYS - Heart.mp3 */ = {isa = PBXFileReference; lastKnownFileType = audio.mp3; path = "TFBOYS - Heart.mp3"; sourceTree = "<group>"; };
		C7FD72BB1BA7C53F00BC82FD /* TFBOYS - 信仰之名.mp3 */ = {isa = PBXFileReference; lastKnownFileType = audio.mp3; path = "TFBOYS - 信仰之名.mp3"; sourceTree = "<group>"; };
		C7FD72BC1BA7C53F00BC82FD /* TFBOYS - 幸运符号.mp3 */ = {isa = PBXFileReference; lastKnownFileType = audio.mp3; path = "TFBOYS - 幸运符号.mp3"; sourceTree = "<group>"; };
		C7FD72BD1BA7C53F00BC82FD /* TFBOYS - 爱出发.mp3 */ = {isa = PBXFileReference; lastKnownFileType = audio.mp3; path = "TFBOYS - 爱出发.mp3"; sourceTree = "<group>"; };
		C7FD72BE1BA7C53F00BC82FD /* TFBOYS - 青春修炼手册.mp3 */ = {isa = PBXFileReference; lastKnownFileType = audio.mp3; path = "TFBOYS - 青春修炼手册.mp3"; sourceTree = "<group>"; };
		C7FD72BF1BA7C53F00BC82FD /* TFBOYS - 魔法城堡.mp3 */ = {isa = PBXFileReference; lastKnownFileType = audio.mp3; path = "TFBOYS - 魔法城堡.mp3"; sourceTree = "<group>"; };
		C7FD72C01BA7C53F00BC82FD /* 张杰 - 剑心.mp3 */ = {isa = PBXFileReference; lastKnownFileType = audio.mp3; path = "张杰 - 剑心.mp3"; sourceTree = "<group>"; };
		C7FD72C11BA7C53F00BC82FD /* 张靓颖 - 我们说好的.mp3 */ = {isa = PBXFileReference; lastKnownFileType = audio.mp3; path = "张靓颖 - 我们说好的.mp3"; sourceTree = "<group>"; };
		C7FD72C21BA7C53F00BC82FD /* 朴树 - 平凡之路.mp3 */ = {isa = PBXFileReference; lastKnownFileType = audio.mp3; path = "朴树 - 平凡之路.mp3"; sourceTree = "<group>"; };
		C7FD72C31BA7C53F00BC82FD /* 李宇春 - 1987我不知会遇见你.mp3 */ = {isa = PBXFileReference; lastKnownFileType = audio.mp3; path = "李宇春 - 1987我不知会遇见你.mp3"; sourceTree = "<group>"; };
		C7FD72C41BA7C53F00BC82FD /* 李易峰 - 剑伤.mp3 */ = {isa = PBXFileReference; lastKnownFileType = audio.mp3; path = "李易峰 - 剑伤.mp3"; sourceTree = "<group>"; };
		C7FD72C51BA7C53F00BC82FD /* 王菲 - 匆匆那年.mp3 */ = {isa = PBXFileReference; lastKnownFileType = audio.mp3; path = "王菲 - 匆匆那年.mp3"; sourceTree = "<group>"; };
		C7FD72C61BA7C53F00BC82FD /* 王蓉 - 小鸡小鸡.mp3 */ = {isa = PBXFileReference; lastKnownFileType = audio.mp3; path = "王蓉 - 小鸡小鸡.mp3"; sourceTree = "<group>"; };
		C7FD72C71BA7C53F00BC82FD /* 筷子兄弟 - 小苹果.mp3 */ = {isa = PBXFileReference; lastKnownFileType = audio.mp3; path = "筷子兄弟 - 小苹果.mp3"; sourceTree = "<group>"; };
		C7FD72C81BA7C53F00BC82FD /* 筷子兄弟 - 父亲.mp3 */ = {isa = PBXFileReference; lastKnownFileType = audio.mp3; path = "筷子兄弟 - 父亲.mp3"; sourceTree = "<group>"; };
		C7FD72C91BA7C53F00BC82FD /* 迪克牛仔 - 爱有奇迹.mp3 */ = {isa = PBXFileReference; lastKnownFileType = audio.mp3; path = "迪克牛仔 - 爱有奇迹.mp3"; sourceTree = "<group>"; };
		C7FD72CA1BA7C53F00BC82FD /* 邓紫棋 - 泡沫.mp3 */ = {isa = PBXFileReference; lastKnownFileType = audio.mp3; path = "邓紫棋 - 泡沫.mp3"; sourceTree = "<group>"; };
		C7FD72CB1BA7C53F00BC82FD /* 陈学冬 - 不再见.mp3 */ = {isa = PBXFileReference; lastKnownFileType = audio.mp3; path = "陈学冬 - 不再见.mp3"; sourceTree = "<group>"; };
		C7FD72CC1BA7C53F00BC82FD /* 齐晨 - 咱们结婚吧.mp3 */ = {isa = PBXFileReference; lastKnownFileType = audio.mp3; path = "齐晨 - 咱们结婚吧.mp3"; sourceTree = "<group>"; };
		C7FD72E11BA7C73000BC82FD /* KGWelcomePageViewController.h */ = {isa = PBXFileReference; fileEncoding = 4; lastKnownFileType = sourcecode.c.h; path = KGWelcomePageViewController.h; sourceTree = "<group>"; };
		C7FD72E21BA7C73000BC82FD /* KGWelcomePageViewController.m */ = {isa = PBXFileReference; fileEncoding = 4; lastKnownFileType = sourcecode.c.objc; path = KGWelcomePageViewController.m; sourceTree = "<group>"; };
		C7FD72E51BA8010D00BC82FD /* KGHomePageViewController.h */ = {isa = PBXFileReference; fileEncoding = 4; lastKnownFileType = sourcecode.c.h; path = KGHomePageViewController.h; sourceTree = "<group>"; };
		C7FD72E61BA8010D00BC82FD /* KGHomePageViewController.m */ = {isa = PBXFileReference; fileEncoding = 4; lastKnownFileType = sourcecode.c.objc; path = KGHomePageViewController.m; sourceTree = "<group>"; };
/* End PBXFileReference section */

/* Begin PBXFrameworksBuildPhase section */
		C7FD72841BA7B1C000BC82FD /* Frameworks */ = {
			isa = PBXFrameworksBuildPhase;
			buildActionMask = 2147483647;
			files = (
			);
			runOnlyForDeploymentPostprocessing = 0;
		};
		C7FD72A01BA7B1C000BC82FD /* Frameworks */ = {
			isa = PBXFrameworksBuildPhase;
			buildActionMask = 2147483647;
			files = (
			);
			runOnlyForDeploymentPostprocessing = 0;
		};
/* End PBXFrameworksBuildPhase section */

/* Begin PBXGroup section */
		C7FD727E1BA7B1C000BC82FD = {
			isa = PBXGroup;
			children = (
				C7FD72891BA7B1C000BC82FD /* KGKuGouPlayer */,
				C7FD72A61BA7B1C000BC82FD /* KGKuGouPlayerTests */,
				C7FD72881BA7B1C000BC82FD /* Products */,
			);
			sourceTree = "<group>";
		};
		C7FD72881BA7B1C000BC82FD /* Products */ = {
			isa = PBXGroup;
			children = (
				C7FD72871BA7B1C000BC82FD /* KGKuGouPlayer.app */,
				C7FD72A31BA7B1C000BC82FD /* KGKuGouPlayerTests.xctest */,
			);
			name = Products;
			sourceTree = "<group>";
		};
		C7FD72891BA7B1C000BC82FD /* KGKuGouPlayer */ = {
			isa = PBXGroup;
			children = (
				C7FD72B61BA7B3D700BC82FD /* Others */,
				C7FD72B51BA7B3B300BC82FD /* Controllers */,
				C7FD72B41BA7B3A400BC82FD /* View */,
				C7FD72B31BA7B39900BC82FD /* Model */,
				C7FD72971BA7B1C000BC82FD /* Main.storyboard */,
				C7FD729A1BA7B1C000BC82FD /* Images.xcassets */,
				C7FD729C1BA7B1C000BC82FD /* LaunchScreen.xib */,
				C7FD72911BA7B1C000BC82FD /* KGKuGouPlayer.xcdatamodeld */,
				C7FD728A1BA7B1C000BC82FD /* Supporting Files */,
			);
			path = KGKuGouPlayer;
			sourceTree = "<group>";
		};
		C7FD728A1BA7B1C000BC82FD /* Supporting Files */ = {
			isa = PBXGroup;
			children = (
				C7FD72B91BA7C53F00BC82FD /* mp3 */,
				C7FD72B71BA7C52700BC82FD /* LocolMusicList.plist */,
				C7FD728B1BA7B1C000BC82FD /* Info.plist */,
				C7FD728C1BA7B1C000BC82FD /* main.m */,
			);
			name = "Supporting Files";
			sourceTree = "<group>";
		};
		C7FD72A61BA7B1C000BC82FD /* KGKuGouPlayerTests */ = {
			isa = PBXGroup;
			children = (
				C7FD72A91BA7B1C000BC82FD /* KGKuGouPlayerTests.m */,
				C7FD72A71BA7B1C000BC82FD /* Supporting Files */,
			);
			path = KGKuGouPlayerTests;
			sourceTree = "<group>";
		};
		C7FD72A71BA7B1C000BC82FD /* Supporting Files */ = {
			isa = PBXGroup;
			children = (
				C7FD72A81BA7B1C000BC82FD /* Info.plist */,
			);
			name = "Supporting Files";
			sourceTree = "<group>";
		};
		C7FD72B31BA7B39900BC82FD /* Model */ = {
			isa = PBXGroup;
			children = (
			);
			name = Model;
			sourceTree = "<group>";
		};
		C7FD72B41BA7B3A400BC82FD /* View */ = {
			isa = PBXGroup;
			children = (
			);
			name = View;
			sourceTree = "<group>";
		};
		C7FD72B51BA7B3B300BC82FD /* Controllers */ = {
			isa = PBXGroup;
			children = (
				C7FD72E41BA800ED00BC82FD /* 主页 */,
				C7FD72E01BA7C6BE00BC82FD /* 欢迎页 */,
			);
			name = Controllers;
			sourceTree = "<group>";
		};
		C7FD72B61BA7B3D700BC82FD /* Others */ = {
			isa = PBXGroup;
			children = (
				C7FD728E1BA7B1C000BC82FD /* AppDelegate.h */,
				C7FD728F1BA7B1C000BC82FD /* AppDelegate.m */,
			);
			name = Others;
			sourceTree = "<group>";
		};
		C7FD72B91BA7C53F00BC82FD /* mp3 */ = {
			isa = PBXGroup;
			children = (
				C7FD72BA1BA7C53F00BC82FD /* TFBOYS - Heart.mp3 */,
				C7FD72BB1BA7C53F00BC82FD /* TFBOYS - 信仰之名.mp3 */,
				C7FD72BC1BA7C53F00BC82FD /* TFBOYS - 幸运符号.mp3 */,
				C7FD72BD1BA7C53F00BC82FD /* TFBOYS - 爱出发.mp3 */,
				C7FD72BE1BA7C53F00BC82FD /* TFBOYS - 青春修炼手册.mp3 */,
				C7FD72BF1BA7C53F00BC82FD /* TFBOYS - 魔法城堡.mp3 */,
				C7FD72C01BA7C53F00BC82FD /* 张杰 - 剑心.mp3 */,
				C7FD72C11BA7C53F00BC82FD /* 张靓颖 - 我们说好的.mp3 */,
				C7FD72C21BA7C53F00BC82FD /* 朴树 - 平凡之路.mp3 */,
				C7FD72C31BA7C53F00BC82FD /* 李宇春 - 1987我不知会遇见你.mp3 */,
				C7FD72C41BA7C53F00BC82FD /* 李易峰 - 剑伤.mp3 */,
				C7FD72C51BA7C53F00BC82FD /* 王菲 - 匆匆那年.mp3 */,
				C7FD72C61BA7C53F00BC82FD /* 王蓉 - 小鸡小鸡.mp3 */,
				C7FD72C71BA7C53F00BC82FD /* 筷子兄弟 - 小苹果.mp3 */,
				C7FD72C81BA7C53F00BC82FD /* 筷子兄弟 - 父亲.mp3 */,
				C7FD72C91BA7C53F00BC82FD /* 迪克牛仔 - 爱有奇迹.mp3 */,
				C7FD72CA1BA7C53F00BC82FD /* 邓紫棋 - 泡沫.mp3 */,
				C7FD72CB1BA7C53F00BC82FD /* 陈学冬 - 不再见.mp3 */,
				C7FD72CC1BA7C53F00BC82FD /* 齐晨 - 咱们结婚吧.mp3 */,
			);
			name = mp3;
			path = "../../酷狗音乐 /resource/mp3";
			sourceTree = "<group>";
		};
		C7FD72E01BA7C6BE00BC82FD /* 欢迎页 */ = {
			isa = PBXGroup;
			children = (
				C7FD72E11BA7C73000BC82FD /* KGWelcomePageViewController.h */,
				C7FD72E21BA7C73000BC82FD /* KGWelcomePageViewController.m */,
			);
			name = "欢迎页";
			sourceTree = "<group>";
		};
		C7FD72E41BA800ED00BC82FD /* 主页 */ = {
			isa = PBXGroup;
			children = (
				C7FD72E51BA8010D00BC82FD /* KGHomePageViewController.h */,
				C7FD72E61BA8010D00BC82FD /* KGHomePageViewController.m */,
			);
			name = "主页";
			sourceTree = "<group>";
		};
/* End PBXGroup section */

/* Begin PBXNativeTarget section */
		C7FD72861BA7B1C000BC82FD /* KGKuGouPlayer */ = {
			isa = PBXNativeTarget;
			buildConfigurationList = C7FD72AD1BA7B1C000BC82FD /* Build configuration list for PBXNativeTarget "KGKuGouPlayer" */;
			buildPhases = (
				C7FD72831BA7B1C000BC82FD /* Sources */,
				C7FD72841BA7B1C000BC82FD /* Frameworks */,
				C7FD72851BA7B1C000BC82FD /* Resources */,
			);
			buildRules = (
			);
			dependencies = (
			);
			name = KGKuGouPlayer;
			productName = KGKuGouPlayer;
			productReference = C7FD72871BA7B1C000BC82FD /* KGKuGouPlayer.app */;
			productType = "com.apple.product-type.application";
		};
		C7FD72A21BA7B1C000BC82FD /* KGKuGouPlayerTests */ = {
			isa = PBXNativeTarget;
			buildConfigurationList = C7FD72B01BA7B1C000BC82FD /* Build configuration list for PBXNativeTarget "KGKuGouPlayerTests" */;
			buildPhases = (
				C7FD729F1BA7B1C000BC82FD /* Sources */,
				C7FD72A01BA7B1C000BC82FD /* Frameworks */,
				C7FD72A11BA7B1C000BC82FD /* Resources */,
			);
			buildRules = (
			);
			dependencies = (
				C7FD72A51BA7B1C000BC82FD /* PBXTargetDependency */,
			);
			name = KGKuGouPlayerTests;
			productName = KGKuGouPlayerTests;
			productReference = C7FD72A31BA7B1C000BC82FD /* KGKuGouPlayerTests.xctest */;
			productType = "com.apple.product-type.bundle.unit-test";
		};
/* End PBXNativeTarget section */

/* Begin PBXProject section */
		C7FD727F1BA7B1C000BC82FD /* Project object */ = {
			isa = PBXProject;
			attributes = {
				LastUpgradeCheck = 0630;
				ORGANIZATIONNAME = wt;
				TargetAttributes = {
					C7FD72861BA7B1C000BC82FD = {
						CreatedOnToolsVersion = 6.3.2;
					};
					C7FD72A21BA7B1C000BC82FD = {
						CreatedOnToolsVersion = 6.3.2;
						TestTargetID = C7FD72861BA7B1C000BC82FD;
					};
				};
			};
			buildConfigurationList = C7FD72821BA7B1C000BC82FD /* Build configuration list for PBXProject "KGKuGouPlayer" */;
			compatibilityVersion = "Xcode 3.2";
			developmentRegion = English;
			hasScannedForEncodings = 0;
			knownRegions = (
				en,
				Base,
			);
			mainGroup = C7FD727E1BA7B1C000BC82FD;
			productRefGroup = C7FD72881BA7B1C000BC82FD /* Products */;
			projectDirPath = "";
			projectRoot = "";
			targets = (
				C7FD72861BA7B1C000BC82FD /* KGKuGouPlayer */,
				C7FD72A21BA7B1C000BC82FD /* KGKuGouPlayerTests */,
			);
		};
/* End PBXProject section */

/* Begin PBXResourcesBuildPhase section */
		C7FD72851BA7B1C000BC82FD /* Resources */ = {
			isa = PBXResourcesBuildPhase;
			buildActionMask = 2147483647;
			files = (
				C7FD72B81BA7C52700BC82FD /* LocolMusicList.plist in Resources */,
				C7FD72DB1BA7C53F00BC82FD /* 筷子兄弟 - 父亲.mp3 in Resources */,
				C7FD72991BA7B1C000BC82FD /* Main.storyboard in Resources */,
				C7FD72CD1BA7C53F00BC82FD /* TFBOYS - Heart.mp3 in Resources */,
				C7FD72D91BA7C53F00BC82FD /* 王蓉 - 小鸡小鸡.mp3 in Resources */,
				C7FD729E1BA7B1C000BC82FD /* LaunchScreen.xib in Resources */,
				C7FD72DA1BA7C53F00BC82FD /* 筷子兄弟 - 小苹果.mp3 in Resources */,
				C7FD72D11BA7C53F00BC82FD /* TFBOYS - 青春修炼手册.mp3 in Resources */,
				C7FD72D41BA7C53F00BC82FD /* 张靓颖 - 我们说好的.mp3 in Resources */,
				C7FD72D61BA7C53F00BC82FD /* 李宇春 - 1987我不知会遇见你.mp3 in Resources */,
				C7FD72D21BA7C53F00BC82FD /* TFBOYS - 魔法城堡.mp3 in Resources */,
				C7FD72D81BA7C53F00BC82FD /* 王菲 - 匆匆那年.mp3 in Resources */,
				C7FD72CF1BA7C53F00BC82FD /* TFBOYS - 幸运符号.mp3 in Resources */,
				C7FD72D51BA7C53F00BC82FD /* 朴树 - 平凡之路.mp3 in Resources */,
				C7FD72CE1BA7C53F00BC82FD /* TFBOYS - 信仰之名.mp3 in Resources */,
				C7FD72DF1BA7C53F00BC82FD /* 齐晨 - 咱们结婚吧.mp3 in Resources */,
				C7FD72D31BA7C53F00BC82FD /* 张杰 - 剑心.mp3 in Resources */,
				C7FD72DC1BA7C53F00BC82FD /* 迪克牛仔 - 爱有奇迹.mp3 in Resources */,
				C7FD72DD1BA7C53F00BC82FD /* 邓紫棋 - 泡沫.mp3 in Resources */,
				C7FD72D01BA7C53F00BC82FD /* TFBOYS - 爱出发.mp3 in Resources */,
				C7FD72D71BA7C53F00BC82FD /* 李易峰 - 剑伤.mp3 in Resources */,
				C7FD729B1BA7B1C000BC82FD /* Images.xcassets in Resources */,
				C7FD72DE1BA7C53F00BC82FD /* 陈学冬 - 不再见.mp3 in Resources */,
			);
			runOnlyForDeploymentPostprocessing = 0;
		};
		C7FD72A11BA7B1C000BC82FD /* Resources */ = {
			isa = PBXResourcesBuildPhase;
			buildActionMask = 2147483647;
			files = (
			);
			runOnlyForDeploymentPostprocessing = 0;
		};
/* End PBXResourcesBuildPhase section */

/* Begin PBXSourcesBuildPhase section */
		C7FD72831BA7B1C000BC82FD /* Sources */ = {
			isa = PBXSourcesBuildPhase;
			buildActionMask = 2147483647;
			files = (
				C7FD72901BA7B1C000BC82FD /* AppDelegate.m in Sources */,
				C7FD72E71BA8010D00BC82FD /* KGHomePageViewController.m in Sources */,
				C7FD728D1BA7B1C000BC82FD /* main.m in Sources */,
				C7FD72E31BA7C73000BC82FD /* KGWelcomePageViewController.m in Sources */,
				C7FD72931BA7B1C000BC82FD /* KGKuGouPlayer.xcdatamodeld in Sources */,
			);
			runOnlyForDeploymentPostprocessing = 0;
		};
		C7FD729F1BA7B1C000BC82FD /* Sources */ = {
			isa = PBXSourcesBuildPhase;
			buildActionMask = 2147483647;
			files = (
				C7FD72AA1BA7B1C000BC82FD /* KGKuGouPlayerTests.m in Sources */,
			);
			runOnlyForDeploymentPostprocessing = 0;
		};
/* End PBXSourcesBuildPhase section */

/* Begin PBXTargetDependency section */
		C7FD72A51BA7B1C000BC82FD /* PBXTargetDependency */ = {
			isa = PBXTargetDependency;
			target = C7FD72861BA7B1C000BC82FD /* KGKuGouPlayer */;
			targetProxy = C7FD72A41BA7B1C000BC82FD /* PBXContainerItemProxy */;
		};
/* End PBXTargetDependency section */

/* Begin PBXVariantGroup section */
		C7FD72971BA7B1C000BC82FD /* Main.storyboard */ = {
			isa = PBXVariantGroup;
			children = (
				C7FD72981BA7B1C000BC82FD /* Base */,
			);
			name = Main.storyboard;
			sourceTree = "<group>";
		};
		C7FD729C1BA7B1C000BC82FD /* LaunchScreen.xib */ = {
			isa = PBXVariantGroup;
			children = (
				C7FD729D1BA7B1C000BC82FD /* Base */,
			);
			name = LaunchScreen.xib;
			sourceTree = "<group>";
		};
/* End PBXVariantGroup section */

/* Begin XCBuildConfiguration section */
		C7FD72AB1BA7B1C000BC82FD /* Debug */ = {
			isa = XCBuildConfiguration;
			buildSettings = {
				ALWAYS_SEARCH_USER_PATHS = NO;
				CLANG_CXX_LANGUAGE_STANDARD = "gnu++0x";
				CLANG_CXX_LIBRARY = "libc++";
				CLANG_ENABLE_MODULES = YES;
				CLANG_ENABLE_OBJC_ARC = YES;
				CLANG_WARN_BOOL_CONVERSION = YES;
				CLANG_WARN_CONSTANT_CONVERSION = YES;
				CLANG_WARN_DIRECT_OBJC_ISA_USAGE = YES_ERROR;
				CLANG_WARN_EMPTY_BODY = YES;
				CLANG_WARN_ENUM_CONVERSION = YES;
				CLANG_WARN_INT_CONVERSION = YES;
				CLANG_WARN_OBJC_ROOT_CLASS = YES_ERROR;
				CLANG_WARN_UNREACHABLE_CODE = YES;
				CLANG_WARN__DUPLICATE_METHOD_MATCH = YES;
				"CODE_SIGN_IDENTITY[sdk=iphoneos*]" = "iPhone Developer";
				COPY_PHASE_STRIP = NO;
				DEBUG_INFORMATION_FORMAT = "dwarf-with-dsym";
				ENABLE_STRICT_OBJC_MSGSEND = YES;
				GCC_C_LANGUAGE_STANDARD = gnu99;
				GCC_DYNAMIC_NO_PIC = NO;
				GCC_NO_COMMON_BLOCKS = YES;
				GCC_OPTIMIZATION_LEVEL = 0;
				GCC_PREPROCESSOR_DEFINITIONS = (
					"DEBUG=1",
					"$(inherited)",
				);
				GCC_SYMBOLS_PRIVATE_EXTERN = NO;
				GCC_WARN_64_TO_32_BIT_CONVERSION = YES;
				GCC_WARN_ABOUT_RETURN_TYPE = YES_ERROR;
				GCC_WARN_UNDECLARED_SELECTOR = YES;
				GCC_WARN_UNINITIALIZED_AUTOS = YES_AGGRESSIVE;
				GCC_WARN_UNUSED_FUNCTION = YES;
				GCC_WARN_UNUSED_VARIABLE = YES;
				IPHONEOS_DEPLOYMENT_TARGET = 8.3;
				MTL_ENABLE_DEBUG_INFO = YES;
				ONLY_ACTIVE_ARCH = YES;
				SDKROOT = iphoneos;
			};
			name = Debug;
		};
		C7FD72AC1BA7B1C000BC82FD /* Release */ = {
			isa = XCBuildConfiguration;
			buildSettings = {
				ALWAYS_SEARCH_USER_PATHS = NO;
				CLANG_CXX_LANGUAGE_STANDARD = "gnu++0x";
				CLANG_CXX_LIBRARY = "libc++";
				CLANG_ENABLE_MODULES = YES;
				CLANG_ENABLE_OBJC_ARC = YES;
				CLANG_WARN_BOOL_CONVERSION = YES;
				CLANG_WARN_CONSTANT_CONVERSION = YES;
				CLANG_WARN_DIRECT_OBJC_ISA_USAGE = YES_ERROR;
				CLANG_WARN_EMPTY_BODY = YES;
				CLANG_WARN_ENUM_CONVERSION = YES;
				CLANG_WARN_INT_CONVERSION = YES;
				CLANG_WARN_OBJC_ROOT_CLASS = YES_ERROR;
				CLANG_WARN_UNREACHABLE_CODE = YES;
				CLANG_WARN__DUPLICATE_METHOD_MATCH = YES;
				"CODE_SIGN_IDENTITY[sdk=iphoneos*]" = "iPhone Developer";
				COPY_PHASE_STRIP = NO;
				DEBUG_INFORMATION_FORMAT = "dwarf-with-dsym";
				ENABLE_NS_ASSERTIONS = NO;
				ENABLE_STRICT_OBJC_MSGSEND = YES;
				GCC_C_LANGUAGE_STANDARD = gnu99;
				GCC_NO_COMMON_BLOCKS = YES;
				GCC_WARN_64_TO_32_BIT_CONVERSION = YES;
				GCC_WARN_ABOUT_RETURN_TYPE = YES_ERROR;
				GCC_WARN_UNDECLARED_SELECTOR = YES;
				GCC_WARN_UNINITIALIZED_AUTOS = YES_AGGRESSIVE;
				GCC_WARN_UNUSED_FUNCTION = YES;
				GCC_WARN_UNUSED_VARIABLE = YES;
				IPHONEOS_DEPLOYMENT_TARGET = 8.3;
				MTL_ENABLE_DEBUG_INFO = NO;
				SDKROOT = iphoneos;
				VALIDATE_PRODUCT = YES;
			};
			name = Release;
		};
		C7FD72AE1BA7B1C000BC82FD /* Debug */ = {
			isa = XCBuildConfiguration;
			buildSettings = {
				ASSETCATALOG_COMPILER_APPICON_NAME = AppIcon;
				INFOPLIST_FILE = KGKuGouPlayer/Info.plist;
				LD_RUNPATH_SEARCH_PATHS = "$(inherited) @executable_path/Frameworks";
				PRODUCT_NAME = "$(TARGET_NAME)";
			};
			name = Debug;
		};
		C7FD72AF1BA7B1C000BC82FD /* Release */ = {
			isa = XCBuildConfiguration;
			buildSettings = {
				ASSETCATALOG_COMPILER_APPICON_NAME = AppIcon;
				INFOPLIST_FILE = KGKuGouPlayer/Info.plist;
				LD_RUNPATH_SEARCH_PATHS = "$(inherited) @executable_path/Frameworks";
				PRODUCT_NAME = "$(TARGET_NAME)";
			};
			name = Release;
		};
		C7FD72B11BA7B1C000BC82FD /* Debug */ = {
			isa = XCBuildConfiguration;
			buildSettings = {
				BUNDLE_LOADER = "$(TEST_HOST)";
				FRAMEWORK_SEARCH_PATHS = (
					"$(SDKROOT)/Developer/Library/Frameworks",
					"$(inherited)",
				);
				GCC_PREPROCESSOR_DEFINITIONS = (
					"DEBUG=1",
					"$(inherited)",
				);
				INFOPLIST_FILE = KGKuGouPlayerTests/Info.plist;
				LD_RUNPATH_SEARCH_PATHS = "$(inherited) @executable_path/Frameworks @loader_path/Frameworks";
				PRODUCT_NAME = "$(TARGET_NAME)";
				TEST_HOST = "$(BUILT_PRODUCTS_DIR)/KGKuGouPlayer.app/KGKuGouPlayer";
			};
			name = Debug;
		};
		C7FD72B21BA7B1C000BC82FD /* Release */ = {
			isa = XCBuildConfiguration;
			buildSettings = {
				BUNDLE_LOADER = "$(TEST_HOST)";
				FRAMEWORK_SEARCH_PATHS = (
					"$(SDKROOT)/Developer/Library/Frameworks",
					"$(inherited)",
				);
				INFOPLIST_FILE = KGKuGouPlayerTests/Info.plist;
				LD_RUNPATH_SEARCH_PATHS = "$(inherited) @executable_path/Frameworks @loader_path/Frameworks";
				PRODUCT_NAME = "$(TARGET_NAME)";
				TEST_HOST = "$(BUILT_PRODUCTS_DIR)/KGKuGouPlayer.app/KGKuGouPlayer";
			};
			name = Release;
		};
/* End XCBuildConfiguration section */

/* Begin XCConfigurationList section */
		C7FD72821BA7B1C000BC82FD /* Build configuration list for PBXProject "KGKuGouPlayer" */ = {
			isa = XCConfigurationList;
			buildConfigurations = (
				C7FD72AB1BA7B1C000BC82FD /* Debug */,
				C7FD72AC1BA7B1C000BC82FD /* Release */,
			);
			defaultConfigurationIsVisible = 0;
			defaultConfigurationName = Release;
		};
		C7FD72AD1BA7B1C000BC82FD /* Build configuration list for PBXNativeTarget "KGKuGouPlayer" */ = {
			isa = XCConfigurationList;
			buildConfigurations = (
				C7FD72AE1BA7B1C000BC82FD /* Debug */,
				C7FD72AF1BA7B1C000BC82FD /* Release */,
			);
			defaultConfigurationIsVisible = 0;
			defaultConfigurationName = Release;
		};
		C7FD72B01BA7B1C000BC82FD /* Build configuration list for PBXNativeTarget "KGKuGouPlayerTests" */ = {
			isa = XCConfigurationList;
			buildConfigurations = (
				C7FD72B11BA7B1C000BC82FD /* Debug */,
				C7FD72B21BA7B1C000BC82FD /* Release */,
			);
			defaultConfigurationIsVisible = 0;
			defaultConfigurationName = Release;
		};
/* End XCConfigurationList section */

/* Begin XCVersionGroup section */
		C7FD72911BA7B1C000BC82FD /* KGKuGouPlayer.xcdatamodeld */ = {
			isa = XCVersionGroup;
			children = (
				C7FD72921BA7B1C000BC82FD /* KGKuGouPlayer.xcdatamodel */,
			);
			currentVersion = C7FD72921BA7B1C000BC82FD /* KGKuGouPlayer.xcdatamodel */;
			path = KGKuGouPlayer.xcdatamodeld;
			sourceTree = "<group>";
			versionGroupType = wrapper.xcdatamodel;
		};
/* End XCVersionGroup section */
	};
	rootObject = C7FD727F1BA7B1C000BC82FD /* Project object */;
}
